// !$*UTF8*$!
{
	archiveVersion = 1;
	classes = {
	};
	objectVersion = 55;
	objects = {

/* Begin PBXBuildFile section */
		002456772982CE3300FF0847 /* Unicode 5.swift in Sources */ = {isa = PBXBuildFile; fileRef = 002456702982CE3200FF0847 /* Unicode 5.swift */; };
		002456782982CE3300FF0847 /* Unicode 13v1.swift in Sources */ = {isa = PBXBuildFile; fileRef = 002456712982CE3200FF0847 /* Unicode 13v1.swift */; };
		002456792982CE3300FF0847 /* Unicode 14.swift in Sources */ = {isa = PBXBuildFile; fileRef = 002456722982CE3200FF0847 /* Unicode 14.swift */; };
		0024567A2982CE3300FF0847 /* Unicode 12.swift in Sources */ = {isa = PBXBuildFile; fileRef = 002456732982CE3200FF0847 /* Unicode 12.swift */; };
		0024567B2982CE3300FF0847 /* Unicode 13.swift in Sources */ = {isa = PBXBuildFile; fileRef = 002456742982CE3200FF0847 /* Unicode 13.swift */; };
		0024567C2982CE3300FF0847 /* Unicode 11.swift in Sources */ = {isa = PBXBuildFile; fileRef = 002456752982CE3200FF0847 /* Unicode 11.swift */; };
		0024567D2982CE3300FF0847 /* UnicodeManager.swift in Sources */ = {isa = PBXBuildFile; fileRef = 002456762982CE3200FF0847 /* UnicodeManager.swift */; };
		002456802982CE6E00FF0847 /* EmojiModel.swift in Sources */ = {isa = PBXBuildFile; fileRef = 0024567F2982CE6E00FF0847 /* EmojiModel.swift */; };
		002456832982D01D00FF0847 /* EmojiPickerViewModel.swift in Sources */ = {isa = PBXBuildFile; fileRef = 002456822982D01D00FF0847 /* EmojiPickerViewModel.swift */; };
		002456862982D04A00FF0847 /* Observable.swift in Sources */ = {isa = PBXBuildFile; fileRef = 002456852982D04A00FF0847 /* Observable.swift */; };
		002456882982D08A00FF0847 /* Array.swift in Sources */ = {isa = PBXBuildFile; fileRef = 002456872982D08A00FF0847 /* Array.swift */; };
		0024568C2982D10F00FF0847 /* UIColor.swift in Sources */ = {isa = PBXBuildFile; fileRef = 0024568B2982D10F00FF0847 /* UIColor.swift */; };
		0024568E2982D11F00FF0847 /* UIView.swift in Sources */ = {isa = PBXBuildFile; fileRef = 0024568D2982D11F00FF0847 /* UIView.swift */; };
		00480FDE29883BD70000CD15 /* EmojiPlist_V_14.plist in Resources */ = {isa = PBXBuildFile; fileRef = 00480FDD29883BD70000CD15 /* EmojiPlist_V_14.plist */; };
		00616774297EE99A0077B423 /* AppDelegate.swift in Sources */ = {isa = PBXBuildFile; fileRef = 00616773297EE99A0077B423 /* AppDelegate.swift */; };
		00616776297EE99A0077B423 /* SceneDelegate.swift in Sources */ = {isa = PBXBuildFile; fileRef = 00616775297EE99A0077B423 /* SceneDelegate.swift */; };
		00616778297EE99A0077B423 /* ViewController.swift in Sources */ = {isa = PBXBuildFile; fileRef = 00616777297EE99A0077B423 /* ViewController.swift */; };
		0061677B297EE99A0077B423 /* Main.storyboard in Resources */ = {isa = PBXBuildFile; fileRef = 00616779297EE99A0077B423 /* Main.storyboard */; };
		0061677D297EE99E0077B423 /* Assets.xcassets in Resources */ = {isa = PBXBuildFile; fileRef = 0061677C297EE99E0077B423 /* Assets.xcassets */; };
		00616780297EE99E0077B423 /* LaunchScreen.storyboard in Resources */ = {isa = PBXBuildFile; fileRef = 0061677E297EE99E0077B423 /* LaunchScreen.storyboard */; };
		0061678B297EE99F0077B423 /* Emoji_DemoTests.swift in Sources */ = {isa = PBXBuildFile; fileRef = 0061678A297EE99F0077B423 /* Emoji_DemoTests.swift */; };
		00616795297EE99F0077B423 /* Emoji_DemoUITests.swift in Sources */ = {isa = PBXBuildFile; fileRef = 00616794297EE99F0077B423 /* Emoji_DemoUITests.swift */; };
		00616797297EE99F0077B423 /* Emoji_DemoUITestsLaunchTests.swift in Sources */ = {isa = PBXBuildFile; fileRef = 00616796297EE99F0077B423 /* Emoji_DemoUITestsLaunchTests.swift */; };
		006167A5297EEB6D0077B423 /* CustomCollectionViewCell.swift in Sources */ = {isa = PBXBuildFile; fileRef = 006167A4297EEB6D0077B423 /* CustomCollectionViewCell.swift */; };
		00D838012983E0B100A3B9F5 /* ISEmojiList.plist in Resources */ = {isa = PBXBuildFile; fileRef = 00D838002983E0B100A3B9F5 /* ISEmojiList.plist */; };
/* End PBXBuildFile section */

/* Begin PBXContainerItemProxy section */
		00616787297EE99F0077B423 /* PBXContainerItemProxy */ = {
			isa = PBXContainerItemProxy;
			containerPortal = 00616768297EE99A0077B423 /* Project object */;
			proxyType = 1;
			remoteGlobalIDString = 0061676F297EE99A0077B423;
			remoteInfo = Emoji_Demo;
		};
		00616791297EE99F0077B423 /* PBXContainerItemProxy */ = {
			isa = PBXContainerItemProxy;
			containerPortal = 00616768297EE99A0077B423 /* Project object */;
			proxyType = 1;
			remoteGlobalIDString = 0061676F297EE99A0077B423;
			remoteInfo = Emoji_Demo;
		};
/* End PBXContainerItemProxy section */

/* Begin PBXFileReference section */
		002456702982CE3200FF0847 /* Unicode 5.swift */ = {isa = PBXFileReference; fileEncoding = 4; lastKnownFileType = sourcecode.swift; path = "Unicode 5.swift"; sourceTree = "<group>"; };
		002456712982CE3200FF0847 /* Unicode 13v1.swift */ = {isa = PBXFileReference; fileEncoding = 4; lastKnownFileType = sourcecode.swift; path = "Unicode 13v1.swift"; sourceTree = "<group>"; };
		002456722982CE3200FF0847 /* Unicode 14.swift */ = {isa = PBXFileReference; fileEncoding = 4; lastKnownFileType = sourcecode.swift; path = "Unicode 14.swift"; sourceTree = "<group>"; };
		002456732982CE3200FF0847 /* Unicode 12.swift */ = {isa = PBXFileReference; fileEncoding = 4; lastKnownFileType = sourcecode.swift; path = "Unicode 12.swift"; sourceTree = "<group>"; };
		002456742982CE3200FF0847 /* Unicode 13.swift */ = {isa = PBXFileReference; fileEncoding = 4; lastKnownFileType = sourcecode.swift; path = "Unicode 13.swift"; sourceTree = "<group>"; };
		002456752982CE3200FF0847 /* Unicode 11.swift */ = {isa = PBXFileReference; fileEncoding = 4; lastKnownFileType = sourcecode.swift; path = "Unicode 11.swift"; sourceTree = "<group>"; };
		002456762982CE3200FF0847 /* UnicodeManager.swift */ = {isa = PBXFileReference; fileEncoding = 4; lastKnownFileType = sourcecode.swift; path = UnicodeManager.swift; sourceTree = "<group>"; };
		0024567F2982CE6E00FF0847 /* EmojiModel.swift */ = {isa = PBXFileReference; fileEncoding = 4; lastKnownFileType = sourcecode.swift; path = EmojiModel.swift; sourceTree = "<group>"; };
		002456822982D01D00FF0847 /* EmojiPickerViewModel.swift */ = {isa = PBXFileReference; fileEncoding = 4; lastKnownFileType = sourcecode.swift; path = EmojiPickerViewModel.swift; sourceTree = "<group>"; };
		002456852982D04A00FF0847 /* Observable.swift */ = {isa = PBXFileReference; fileEncoding = 4; lastKnownFileType = sourcecode.swift; path = Observable.swift; sourceTree = "<group>"; };
		002456872982D08A00FF0847 /* Array.swift */ = {isa = PBXFileReference; fileEncoding = 4; lastKnownFileType = sourcecode.swift; path = Array.swift; sourceTree = "<group>"; };
		0024568B2982D10F00FF0847 /* UIColor.swift */ = {isa = PBXFileReference; fileEncoding = 4; lastKnownFileType = sourcecode.swift; path = UIColor.swift; sourceTree = "<group>"; };
		0024568D2982D11F00FF0847 /* UIView.swift */ = {isa = PBXFileReference; fileEncoding = 4; lastKnownFileType = sourcecode.swift; path = UIView.swift; sourceTree = "<group>"; };
		00480FDD29883BD70000CD15 /* EmojiPlist_V_14.plist */ = {isa = PBXFileReference; lastKnownFileType = text.plist.xml; path = EmojiPlist_V_14.plist; sourceTree = "<group>"; };
		00616770297EE99A0077B423 /* Emoji_Demo.app */ = {isa = PBXFileReference; explicitFileType = wrapper.application; includeInIndex = 0; path = Emoji_Demo.app; sourceTree = BUILT_PRODUCTS_DIR; };
		00616773297EE99A0077B423 /* AppDelegate.swift */ = {isa = PBXFileReference; lastKnownFileType = sourcecode.swift; path = AppDelegate.swift; sourceTree = "<group>"; };
		00616775297EE99A0077B423 /* SceneDelegate.swift */ = {isa = PBXFileReference; lastKnownFileType = sourcecode.swift; path = SceneDelegate.swift; sourceTree = "<group>"; };
		00616777297EE99A0077B423 /* ViewController.swift */ = {isa = PBXFileReference; lastKnownFileType = sourcecode.swift; path = ViewController.swift; sourceTree = "<group>"; };
		0061677A297EE99A0077B423 /* Base */ = {isa = PBXFileReference; lastKnownFileType = file.storyboard; name = Base; path = Base.lproj/Main.storyboard; sourceTree = "<group>"; };
		0061677C297EE99E0077B423 /* Assets.xcassets */ = {isa = PBXFileReference; lastKnownFileType = folder.assetcatalog; path = Assets.xcassets; sourceTree = "<group>"; };
		0061677F297EE99E0077B423 /* Base */ = {isa = PBXFileReference; lastKnownFileType = file.storyboard; name = Base; path = Base.lproj/LaunchScreen.storyboard; sourceTree = "<group>"; };
		00616781297EE99E0077B423 /* Info.plist */ = {isa = PBXFileReference; lastKnownFileType = text.plist.xml; path = Info.plist; sourceTree = "<group>"; };
		00616786297EE99F0077B423 /* Emoji_DemoTests.xctest */ = {isa = PBXFileReference; explicitFileType = wrapper.cfbundle; includeInIndex = 0; path = Emoji_DemoTests.xctest; sourceTree = BUILT_PRODUCTS_DIR; };
		0061678A297EE99F0077B423 /* Emoji_DemoTests.swift */ = {isa = PBXFileReference; lastKnownFileType = sourcecode.swift; path = Emoji_DemoTests.swift; sourceTree = "<group>"; };
		00616790297EE99F0077B423 /* Emoji_DemoUITests.xctest */ = {isa = PBXFileReference; explicitFileType = wrapper.cfbundle; includeInIndex = 0; path = Emoji_DemoUITests.xctest; sourceTree = BUILT_PRODUCTS_DIR; };
		00616794297EE99F0077B423 /* Emoji_DemoUITests.swift */ = {isa = PBXFileReference; lastKnownFileType = sourcecode.swift; path = Emoji_DemoUITests.swift; sourceTree = "<group>"; };
		00616796297EE99F0077B423 /* Emoji_DemoUITestsLaunchTests.swift */ = {isa = PBXFileReference; lastKnownFileType = sourcecode.swift; path = Emoji_DemoUITestsLaunchTests.swift; sourceTree = "<group>"; };
		006167A4297EEB6D0077B423 /* CustomCollectionViewCell.swift */ = {isa = PBXFileReference; lastKnownFileType = sourcecode.swift; path = CustomCollectionViewCell.swift; sourceTree = "<group>"; };
		00D838002983E0B100A3B9F5 /* ISEmojiList.plist */ = {isa = PBXFileReference; fileEncoding = 4; lastKnownFileType = text.plist.xml; path = ISEmojiList.plist; sourceTree = "<group>"; };
/* End PBXFileReference section */

/* Begin PBXFrameworksBuildPhase section */
		0061676D297EE99A0077B423 /* Frameworks */ = {
			isa = PBXFrameworksBuildPhase;
			buildActionMask = 2147483647;
			files = (
			);
			runOnlyForDeploymentPostprocessing = 0;
		};
		00616783297EE99F0077B423 /* Frameworks */ = {
			isa = PBXFrameworksBuildPhase;
			buildActionMask = 2147483647;
			files = (
			);
			runOnlyForDeploymentPostprocessing = 0;
		};
		0061678D297EE99F0077B423 /* Frameworks */ = {
			isa = PBXFrameworksBuildPhase;
			buildActionMask = 2147483647;
			files = (
			);
			runOnlyForDeploymentPostprocessing = 0;
		};
/* End PBXFrameworksBuildPhase section */

/* Begin PBXGroup section */
		0024566D2982CE0500FF0847 /* EmojiServices */ = {
			isa = PBXGroup;
			children = (
				002456892982D09400FF0847 /* Helper */,
				002456842982D04A00FF0847 /* Bindings */,
				002456812982D01D00FF0847 /* ViewModel */,
				0024567E2982CE5F00FF0847 /* Model */,
				0024566E2982CE3200FF0847 /* Services */,
			);
			path = EmojiServices;
			sourceTree = "<group>";
		};
		0024566E2982CE3200FF0847 /* Services */ = {
			isa = PBXGroup;
			children = (
				0024566F2982CE3200FF0847 /* Unicode */,
				002456762982CE3200FF0847 /* UnicodeManager.swift */,
			);
			path = Services;
			sourceTree = "<group>";
		};
		0024566F2982CE3200FF0847 /* Unicode */ = {
			isa = PBXGroup;
			children = (
				002456702982CE3200FF0847 /* Unicode 5.swift */,
				002456712982CE3200FF0847 /* Unicode 13v1.swift */,
				002456722982CE3200FF0847 /* Unicode 14.swift */,
				002456732982CE3200FF0847 /* Unicode 12.swift */,
				002456742982CE3200FF0847 /* Unicode 13.swift */,
				002456752982CE3200FF0847 /* Unicode 11.swift */,
			);
			path = Unicode;
			sourceTree = "<group>";
		};
		0024567E2982CE5F00FF0847 /* Model */ = {
			isa = PBXGroup;
			children = (
				0024567F2982CE6E00FF0847 /* EmojiModel.swift */,
			);
			path = Model;
			sourceTree = "<group>";
		};
		002456812982D01D00FF0847 /* ViewModel */ = {
			isa = PBXGroup;
			children = (
				002456822982D01D00FF0847 /* EmojiPickerViewModel.swift */,
			);
			path = ViewModel;
			sourceTree = "<group>";
		};
		002456842982D04A00FF0847 /* Bindings */ = {
			isa = PBXGroup;
			children = (
				002456852982D04A00FF0847 /* Observable.swift */,
			);
			path = Bindings;
			sourceTree = "<group>";
		};
		002456892982D09400FF0847 /* Helper */ = {
			isa = PBXGroup;
			children = (
				0024568A2982D0E500FF0847 /* Extension */,
			);
			path = Helper;
			sourceTree = "<group>";
		};
		0024568A2982D0E500FF0847 /* Extension */ = {
			isa = PBXGroup;
			children = (
				0024568D2982D11F00FF0847 /* UIView.swift */,
				0024568B2982D10F00FF0847 /* UIColor.swift */,
				002456872982D08A00FF0847 /* Array.swift */,
			);
			path = Extension;
			sourceTree = "<group>";
		};
		00480FDC29883BA40000CD15 /* ImojiList */ = {
			isa = PBXGroup;
			children = (
				00480FDD29883BD70000CD15 /* EmojiPlist_V_14.plist */,
			);
			path = ImojiList;
			sourceTree = "<group>";
		};
		00616767297EE99A0077B423 = {
			isa = PBXGroup;
			children = (
				00616772297EE99A0077B423 /* Emoji_Demo */,
				00616789297EE99F0077B423 /* Emoji_DemoTests */,
				00616793297EE99F0077B423 /* Emoji_DemoUITests */,
				00616771297EE99A0077B423 /* Products */,
			);
			sourceTree = "<group>";
		};
		00616771297EE99A0077B423 /* Products */ = {
			isa = PBXGroup;
			children = (
				00616770297EE99A0077B423 /* Emoji_Demo.app */,
				00616786297EE99F0077B423 /* Emoji_DemoTests.xctest */,
				00616790297EE99F0077B423 /* Emoji_DemoUITests.xctest */,
			);
			name = Products;
			sourceTree = "<group>";
		};
		00616772297EE99A0077B423 /* Emoji_Demo */ = {
			isa = PBXGroup;
			children = (
				00D837FF2983E07F00A3B9F5 /* EmojiServices1 */,
				0024566D2982CE0500FF0847 /* EmojiServices */,
				006167A3297EEB430077B423 /* CustomCollectionViewCell */,
				00616773297EE99A0077B423 /* AppDelegate.swift */,
				00616775297EE99A0077B423 /* SceneDelegate.swift */,
				00616777297EE99A0077B423 /* ViewController.swift */,
				00616779297EE99A0077B423 /* Main.storyboard */,
				0061677C297EE99E0077B423 /* Assets.xcassets */,
				0061677E297EE99E0077B423 /* LaunchScreen.storyboard */,
				00616781297EE99E0077B423 /* Info.plist */,
			);
			path = Emoji_Demo;
			sourceTree = "<group>";
		};
		00616789297EE99F0077B423 /* Emoji_DemoTests */ = {
			isa = PBXGroup;
			children = (
				0061678A297EE99F0077B423 /* Emoji_DemoTests.swift */,
			);
			path = Emoji_DemoTests;
			sourceTree = "<group>";
		};
		00616793297EE99F0077B423 /* Emoji_DemoUITests */ = {
			isa = PBXGroup;
			children = (
				00616794297EE99F0077B423 /* Emoji_DemoUITests.swift */,
				00616796297EE99F0077B423 /* Emoji_DemoUITestsLaunchTests.swift */,
			);
			path = Emoji_DemoUITests;
			sourceTree = "<group>";
		};
		006167A3297EEB430077B423 /* CustomCollectionViewCell */ = {
			isa = PBXGroup;
			children = (
				006167A4297EEB6D0077B423 /* CustomCollectionViewCell.swift */,
			);
			path = CustomCollectionViewCell;
			sourceTree = "<group>";
		};
		00D837FF2983E07F00A3B9F5 /* EmojiServices1 */ = {
			isa = PBXGroup;
			children = (
				00480FDC29883BA40000CD15 /* ImojiList */,
				00D838002983E0B100A3B9F5 /* ISEmojiList.plist */,
			);
			path = EmojiServices1;
			sourceTree = "<group>";
		};
/* End PBXGroup section */

/* Begin PBXNativeTarget section */
		0061676F297EE99A0077B423 /* Emoji_Demo */ = {
			isa = PBXNativeTarget;
			buildConfigurationList = 0061679A297EE99F0077B423 /* Build configuration list for PBXNativeTarget "Emoji_Demo" */;
			buildPhases = (
				0061676C297EE99A0077B423 /* Sources */,
				0061676D297EE99A0077B423 /* Frameworks */,
				0061676E297EE99A0077B423 /* Resources */,
			);
			buildRules = (
			);
			dependencies = (
			);
			name = Emoji_Demo;
			productName = Emoji_Demo;
			productReference = 00616770297EE99A0077B423 /* Emoji_Demo.app */;
			productType = "com.apple.product-type.application";
		};
		00616785297EE99F0077B423 /* Emoji_DemoTests */ = {
			isa = PBXNativeTarget;
			buildConfigurationList = 0061679D297EE99F0077B423 /* Build configuration list for PBXNativeTarget "Emoji_DemoTests" */;
			buildPhases = (
				00616782297EE99F0077B423 /* Sources */,
				00616783297EE99F0077B423 /* Frameworks */,
				00616784297EE99F0077B423 /* Resources */,
			);
			buildRules = (
			);
			dependencies = (
				00616788297EE99F0077B423 /* PBXTargetDependency */,
			);
			name = Emoji_DemoTests;
			productName = Emoji_DemoTests;
			productReference = 00616786297EE99F0077B423 /* Emoji_DemoTests.xctest */;
			productType = "com.apple.product-type.bundle.unit-test";
		};
		0061678F297EE99F0077B423 /* Emoji_DemoUITests */ = {
			isa = PBXNativeTarget;
			buildConfigurationList = 006167A0297EE99F0077B423 /* Build configuration list for PBXNativeTarget "Emoji_DemoUITests" */;
			buildPhases = (
				0061678C297EE99F0077B423 /* Sources */,
				0061678D297EE99F0077B423 /* Frameworks */,
				0061678E297EE99F0077B423 /* Resources */,
			);
			buildRules = (
			);
			dependencies = (
				00616792297EE99F0077B423 /* PBXTargetDependency */,
			);
			name = Emoji_DemoUITests;
			productName = Emoji_DemoUITests;
			productReference = 00616790297EE99F0077B423 /* Emoji_DemoUITests.xctest */;
			productType = "com.apple.product-type.bundle.ui-testing";
		};
/* End PBXNativeTarget section */

/* Begin PBXProject section */
		00616768297EE99A0077B423 /* Project object */ = {
			isa = PBXProject;
			attributes = {
				BuildIndependentTargetsInParallel = 1;
				LastSwiftUpdateCheck = 1320;
				LastUpgradeCheck = 1320;
				TargetAttributes = {
					0061676F297EE99A0077B423 = {
						CreatedOnToolsVersion = 13.2.1;
					};
					00616785297EE99F0077B423 = {
						CreatedOnToolsVersion = 13.2.1;
						TestTargetID = 0061676F297EE99A0077B423;
					};
					0061678F297EE99F0077B423 = {
						CreatedOnToolsVersion = 13.2.1;
						TestTargetID = 0061676F297EE99A0077B423;
					};
				};
			};
			buildConfigurationList = 0061676B297EE99A0077B423 /* Build configuration list for PBXProject "Emoji_Demo" */;
			compatibilityVersion = "Xcode 13.0";
			developmentRegion = en;
			hasScannedForEncodings = 0;
			knownRegions = (
				en,
				Base,
			);
			mainGroup = 00616767297EE99A0077B423;
			productRefGroup = 00616771297EE99A0077B423 /* Products */;
			projectDirPath = "";
			projectRoot = "";
			targets = (
				0061676F297EE99A0077B423 /* Emoji_Demo */,
				00616785297EE99F0077B423 /* Emoji_DemoTests */,
				0061678F297EE99F0077B423 /* Emoji_DemoUITests */,
			);
		};
/* End PBXProject section */

/* Begin PBXResourcesBuildPhase section */
		0061676E297EE99A0077B423 /* Resources */ = {
			isa = PBXResourcesBuildPhase;
			buildActionMask = 2147483647;
			files = (
				00616780297EE99E0077B423 /* LaunchScreen.storyboard in Resources */,
				0061677D297EE99E0077B423 /* Assets.xcassets in Resources */,
				0061677B297EE99A0077B423 /* Main.storyboard in Resources */,
				00480FDE29883BD70000CD15 /* EmojiPlist_V_14.plist in Resources */,
				00D838012983E0B100A3B9F5 /* ISEmojiList.plist in Resources */,
			);
			runOnlyForDeploymentPostprocessing = 0;
		};
		00616784297EE99F0077B423 /* Resources */ = {
			isa = PBXResourcesBuildPhase;
			buildActionMask = 2147483647;
			files = (
			);
			runOnlyForDeploymentPostprocessing = 0;
		};
		0061678E297EE99F0077B423 /* Resources */ = {
			isa = PBXResourcesBuildPhase;
			buildActionMask = 2147483647;
			files = (
			);
			runOnlyForDeploymentPostprocessing = 0;
		};
/* End PBXResourcesBuildPhase section */

/* Begin PBXSourcesBuildPhase section */
		0061676C297EE99A0077B423 /* Sources */ = {
			isa = PBXSourcesBuildPhase;
			buildActionMask = 2147483647;
			files = (
				002456832982D01D00FF0847 /* EmojiPickerViewModel.swift in Sources */,
				0024567C2982CE3300FF0847 /* Unicode 11.swift in Sources */,
				00616778297EE99A0077B423 /* ViewController.swift in Sources */,
				00616774297EE99A0077B423 /* AppDelegate.swift in Sources */,
				00616776297EE99A0077B423 /* SceneDelegate.swift in Sources */,
				0024568C2982D10F00FF0847 /* UIColor.swift in Sources */,
				006167A5297EEB6D0077B423 /* CustomCollectionViewCell.swift in Sources */,
				002456882982D08A00FF0847 /* Array.swift in Sources */,
				002456772982CE3300FF0847 /* Unicode 5.swift in Sources */,
				0024567A2982CE3300FF0847 /* Unicode 12.swift in Sources */,
				002456792982CE3300FF0847 /* Unicode 14.swift in Sources */,
				002456802982CE6E00FF0847 /* EmojiModel.swift in Sources */,
				002456862982D04A00FF0847 /* Observable.swift in Sources */,
				0024568E2982D11F00FF0847 /* UIView.swift in Sources */,
				0024567D2982CE3300FF0847 /* UnicodeManager.swift in Sources */,
				002456782982CE3300FF0847 /* Unicode 13v1.swift in Sources */,
				0024567B2982CE3300FF0847 /* Unicode 13.swift in Sources */,
			);
			runOnlyForDeploymentPostprocessing = 0;
		};
		00616782297EE99F0077B423 /* Sources */ = {
			isa = PBXSourcesBuildPhase;
			buildActionMask = 2147483647;
			files = (
				0061678B297EE99F0077B423 /* Emoji_DemoTests.swift in Sources */,
			);
			runOnlyForDeploymentPostprocessing = 0;
		};
		0061678C297EE99F0077B423 /* Sources */ = {
			isa = PBXSourcesBuildPhase;
			buildActionMask = 2147483647;
			files = (
				00616797297EE99F0077B423 /* Emoji_DemoUITestsLaunchTests.swift in Sources */,
				00616795297EE99F0077B423 /* Emoji_DemoUITests.swift in Sources */,
			);
			runOnlyForDeploymentPostprocessing = 0;
		};
/* End PBXSourcesBuildPhase section */

/* Begin PBXTargetDependency section */
		00616788297EE99F0077B423 /* PBXTargetDependency */ = {
			isa = PBXTargetDependency;
			target = 0061676F297EE99A0077B423 /* Emoji_Demo */;
			targetProxy = 00616787297EE99F0077B423 /* PBXContainerItemProxy */;
		};
		00616792297EE99F0077B423 /* PBXTargetDependency */ = {
			isa = PBXTargetDependency;
			target = 0061676F297EE99A0077B423 /* Emoji_Demo */;
			targetProxy = 00616791297EE99F0077B423 /* PBXContainerItemProxy */;
		};
/* End PBXTargetDependency section */

/* Begin PBXVariantGroup section */
		00616779297EE99A0077B423 /* Main.storyboard */ = {
			isa = PBXVariantGroup;
			children = (
				0061677A297EE99A0077B423 /* Base */,
			);
			name = Main.storyboard;
			sourceTree = "<group>";
		};
		0061677E297EE99E0077B423 /* LaunchScreen.storyboard */ = {
			isa = PBXVariantGroup;
			children = (
				0061677F297EE99E0077B423 /* Base */,
			);
			name = LaunchScreen.storyboard;
			sourceTree = "<group>";
		};
/* End PBXVariantGroup section */

/* Begin XCBuildConfiguration section */
		00616798297EE99F0077B423 /* Debug */ = {
			isa = XCBuildConfiguration;
			buildSettings = {
				ALWAYS_SEARCH_USER_PATHS = NO;
				CLANG_ANALYZER_NONNULL = YES;
				CLANG_ANALYZER_NUMBER_OBJECT_CONVERSION = YES_AGGRESSIVE;
				CLANG_CXX_LANGUAGE_STANDARD = "gnu++17";
				CLANG_CXX_LIBRARY = "libc++";
				CLANG_ENABLE_MODULES = YES;
				CLANG_ENABLE_OBJC_ARC = YES;
				CLANG_ENABLE_OBJC_WEAK = YES;
				CLANG_WARN_BLOCK_CAPTURE_AUTORELEASING = YES;
				CLANG_WARN_BOOL_CONVERSION = YES;
				CLANG_WARN_COMMA = YES;
				CLANG_WARN_CONSTANT_CONVERSION = YES;
				CLANG_WARN_DEPRECATED_OBJC_IMPLEMENTATIONS = YES;
				CLANG_WARN_DIRECT_OBJC_ISA_USAGE = YES_ERROR;
				CLANG_WARN_DOCUMENTATION_COMMENTS = YES;
				CLANG_WARN_EMPTY_BODY = YES;
				CLANG_WARN_ENUM_CONVERSION = YES;
				CLANG_WARN_INFINITE_RECURSION = YES;
				CLANG_WARN_INT_CONVERSION = YES;
				CLANG_WARN_NON_LITERAL_NULL_CONVERSION = YES;
				CLANG_WARN_OBJC_IMPLICIT_RETAIN_SELF = YES;
				CLANG_WARN_OBJC_LITERAL_CONVERSION = YES;
				CLANG_WARN_OBJC_ROOT_CLASS = YES_ERROR;
				CLANG_WARN_QUOTED_INCLUDE_IN_FRAMEWORK_HEADER = YES;
				CLANG_WARN_RANGE_LOOP_ANALYSIS = YES;
				CLANG_WARN_STRICT_PROTOTYPES = YES;
				CLANG_WARN_SUSPICIOUS_MOVE = YES;
				CLANG_WARN_UNGUARDED_AVAILABILITY = YES_AGGRESSIVE;
				CLANG_WARN_UNREACHABLE_CODE = YES;
				CLANG_WARN__DUPLICATE_METHOD_MATCH = YES;
				COPY_PHASE_STRIP = NO;
				DEBUG_INFORMATION_FORMAT = dwarf;
				ENABLE_STRICT_OBJC_MSGSEND = YES;
				ENABLE_TESTABILITY = YES;
				GCC_C_LANGUAGE_STANDARD = gnu11;
				GCC_DYNAMIC_NO_PIC = NO;
				GCC_NO_COMMON_BLOCKS = YES;
				GCC_OPTIMIZATION_LEVEL = 0;
				GCC_PREPROCESSOR_DEFINITIONS = (
					"DEBUG=1",
					"$(inherited)",
				);
				GCC_WARN_64_TO_32_BIT_CONVERSION = YES;
				GCC_WARN_ABOUT_RETURN_TYPE = YES_ERROR;
				GCC_WARN_UNDECLARED_SELECTOR = YES;
				GCC_WARN_UNINITIALIZED_AUTOS = YES_AGGRESSIVE;
				GCC_WARN_UNUSED_FUNCTION = YES;
				GCC_WARN_UNUSED_VARIABLE = YES;
				IPHONEOS_DEPLOYMENT_TARGET = 15.2;
				MTL_ENABLE_DEBUG_INFO = INCLUDE_SOURCE;
				MTL_FAST_MATH = YES;
				ONLY_ACTIVE_ARCH = YES;
				SDKROOT = iphoneos;
				SWIFT_ACTIVE_COMPILATION_CONDITIONS = DEBUG;
				SWIFT_OPTIMIZATION_LEVEL = "-Onone";
			};
			name = Debug;
		};
		00616799297EE99F0077B423 /* Release */ = {
			isa = XCBuildConfiguration;
			buildSettings = {
				ALWAYS_SEARCH_USER_PATHS = NO;
				CLANG_ANALYZER_NONNULL = YES;
				CLANG_ANALYZER_NUMBER_OBJECT_CONVERSION = YES_AGGRESSIVE;
				CLANG_CXX_LANGUAGE_STANDARD = "gnu++17";
				CLANG_CXX_LIBRARY = "libc++";
				CLANG_ENABLE_MODULES = YES;
				CLANG_ENABLE_OBJC_ARC = YES;
				CLANG_ENABLE_OBJC_WEAK = YES;
				CLANG_WARN_BLOCK_CAPTURE_AUTORELEASING = YES;
				CLANG_WARN_BOOL_CONVERSION = YES;
				CLANG_WARN_COMMA = YES;
				CLANG_WARN_CONSTANT_CONVERSION = YES;
				CLANG_WARN_DEPRECATED_OBJC_IMPLEMENTATIONS = YES;
				CLANG_WARN_DIRECT_OBJC_ISA_USAGE = YES_ERROR;
				CLANG_WARN_DOCUMENTATION_COMMENTS = YES;
				CLANG_WARN_EMPTY_BODY = YES;
				CLANG_WARN_ENUM_CONVERSION = YES;
				CLANG_WARN_INFINITE_RECURSION = YES;
				CLANG_WARN_INT_CONVERSION = YES;
				CLANG_WARN_NON_LITERAL_NULL_CONVERSION = YES;
				CLANG_WARN_OBJC_IMPLICIT_RETAIN_SELF = YES;
				CLANG_WARN_OBJC_LITERAL_CONVERSION = YES;
				CLANG_WARN_OBJC_ROOT_CLASS = YES_ERROR;
				CLANG_WARN_QUOTED_INCLUDE_IN_FRAMEWORK_HEADER = YES;
				CLANG_WARN_RANGE_LOOP_ANALYSIS = YES;
				CLANG_WARN_STRICT_PROTOTYPES = YES;
				CLANG_WARN_SUSPICIOUS_MOVE = YES;
				CLANG_WARN_UNGUARDED_AVAILABILITY = YES_AGGRESSIVE;
				CLANG_WARN_UNREACHABLE_CODE = YES;
				CLANG_WARN__DUPLICATE_METHOD_MATCH = YES;
				COPY_PHASE_STRIP = NO;
				DEBUG_INFORMATION_FORMAT = "dwarf-with-dsym";
				ENABLE_NS_ASSERTIONS = NO;
				ENABLE_STRICT_OBJC_MSGSEND = YES;
				GCC_C_LANGUAGE_STANDARD = gnu11;
				GCC_NO_COMMON_BLOCKS = YES;
				GCC_WARN_64_TO_32_BIT_CONVERSION = YES;
				GCC_WARN_ABOUT_RETURN_TYPE = YES_ERROR;
				GCC_WARN_UNDECLARED_SELECTOR = YES;
				GCC_WARN_UNINITIALIZED_AUTOS = YES_AGGRESSIVE;
				GCC_WARN_UNUSED_FUNCTION = YES;
				GCC_WARN_UNUSED_VARIABLE = YES;
				IPHONEOS_DEPLOYMENT_TARGET = 15.2;
				MTL_ENABLE_DEBUG_INFO = NO;
				MTL_FAST_MATH = YES;
				SDKROOT = iphoneos;
				SWIFT_COMPILATION_MODE = wholemodule;
				SWIFT_OPTIMIZATION_LEVEL = "-O";
				VALIDATE_PRODUCT = YES;
			};
			name = Release;
		};
		0061679B297EE99F0077B423 /* Debug */ = {
			isa = XCBuildConfiguration;
			buildSettings = {
				ASSETCATALOG_COMPILER_APPICON_NAME = AppIcon;
				ASSETCATALOG_COMPILER_GLOBAL_ACCENT_COLOR_NAME = AccentColor;
				CODE_SIGN_STYLE = Automatic;
				CURRENT_PROJECT_VERSION = 1;
				DEVELOPMENT_TEAM = GDHMVG3F84;
				GENERATE_INFOPLIST_FILE = YES;
				INFOPLIST_FILE = Emoji_Demo/Info.plist;
				INFOPLIST_KEY_UIApplicationSupportsIndirectInputEvents = YES;
				INFOPLIST_KEY_UILaunchStoryboardName = LaunchScreen;
				INFOPLIST_KEY_UIMainStoryboardFile = Main;
				INFOPLIST_KEY_UISupportedInterfaceOrientations_iPad = "UIInterfaceOrientationPortrait UIInterfaceOrientationPortraitUpsideDown UIInterfaceOrientationLandscapeLeft UIInterfaceOrientationLandscapeRight";
				INFOPLIST_KEY_UISupportedInterfaceOrientations_iPhone = "UIInterfaceOrientationPortrait UIInterfaceOrientationLandscapeLeft UIInterfaceOrientationLandscapeRight";
				IPHONEOS_DEPLOYMENT_TARGET = 14.0;
				LD_RUNPATH_SEARCH_PATHS = (
					"$(inherited)",
					"@executable_path/Frameworks",
				);
				MARKETING_VERSION = 1.0;
				PRODUCT_BUNDLE_IDENTIFIER = "com.nazmulhoda.Emoji-Demo";
				PRODUCT_NAME = "$(TARGET_NAME)";
				SWIFT_EMIT_LOC_STRINGS = YES;
				SWIFT_VERSION = 5.0;
				TARGETED_DEVICE_FAMILY = "1,2";
			};
			name = Debug;
		};
		0061679C297EE99F0077B423 /* Release */ = {
			isa = XCBuildConfiguration;
			buildSettings = {
				ASSETCATALOG_COMPILER_APPICON_NAME = AppIcon;
				ASSETCATALOG_COMPILER_GLOBAL_ACCENT_COLOR_NAME = AccentColor;
				CODE_SIGN_STYLE = Automatic;
				CURRENT_PROJECT_VERSION = 1;
				DEVELOPMENT_TEAM = GDHMVG3F84;
				GENERATE_INFOPLIST_FILE = YES;
				INFOPLIST_FILE = Emoji_Demo/Info.plist;
				INFOPLIST_KEY_UIApplicationSupportsIndirectInputEvents = YES;
				INFOPLIST_KEY_UILaunchStoryboardName = LaunchScreen;
				INFOPLIST_KEY_UIMainStoryboardFile = Main;
				INFOPLIST_KEY_UISupportedInterfaceOrientations_iPad = "UIInterfaceOrientationPortrait UIInterfaceOrientationPortraitUpsideDown UIInterfaceOrientationLandscapeLeft UIInterfaceOrientationLandscapeRight";
				INFOPLIST_KEY_UISupportedInterfaceOrientations_iPhone = "UIInterfaceOrientationPortrait UIInterfaceOrientationLandscapeLeft UIInterfaceOrientationLandscapeRight";
				IPHONEOS_DEPLOYMENT_TARGET = 14.0;
				LD_RUNPATH_SEARCH_PATHS = (
					"$(inherited)",
					"@executable_path/Frameworks",
				);
				MARKETING_VERSION = 1.0;
				PRODUCT_BUNDLE_IDENTIFIER = "com.nazmulhoda.Emoji-Demo";
				PRODUCT_NAME = "$(TARGET_NAME)";
				SWIFT_EMIT_LOC_STRINGS = YES;
				SWIFT_VERSION = 5.0;
				TARGETED_DEVICE_FAMILY = "1,2";
			};
			name = Release;
		};
		0061679E297EE99F0077B423 /* Debug */ = {
			isa = XCBuildConfiguration;
			buildSettings = {
				ALWAYS_EMBED_SWIFT_STANDARD_LIBRARIES = YES;
				BUNDLE_LOADER = "$(TEST_HOST)";
				CODE_SIGN_STYLE = Automatic;
				CURRENT_PROJECT_VERSION = 1;
				DEVELOPMENT_TEAM = Y3VRYY266M;
				GENERATE_INFOPLIST_FILE = YES;
				IPHONEOS_DEPLOYMENT_TARGET = 15.2;
				MARKETING_VERSION = 1.0;
				PRODUCT_BUNDLE_IDENTIFIER = "com.nazmulhoda.Emoji-DemoTests";
				PRODUCT_NAME = "$(TARGET_NAME)";
				SWIFT_EMIT_LOC_STRINGS = NO;
				SWIFT_VERSION = 5.0;
				TARGETED_DEVICE_FAMILY = "1,2";
				TEST_HOST = "$(BUILT_PRODUCTS_DIR)/Emoji_Demo.app/Emoji_Demo";
			};
			name = Debug;
		};
		0061679F297EE99F0077B423 /* Release */ = {
			isa = XCBuildConfiguration;
			buildSettings = {
				ALWAYS_EMBED_SWIFT_STANDARD_LIBRARIES = YES;
				BUNDLE_LOADER = "$(TEST_HOST)";
				CODE_SIGN_STYLE = Automatic;
				CURRENT_PROJECT_VERSION = 1;
				DEVELOPMENT_TEAM = Y3VRYY266M;
				GENERATE_INFOPLIST_FILE = YES;
				IPHONEOS_DEPLOYMENT_TARGET = 15.2;
				MARKETING_VERSION = 1.0;
				PRODUCT_BUNDLE_IDENTIFIER = "com.nazmulhoda.Emoji-DemoTests";
				PRODUCT_NAME = "$(TARGET_NAME)";
				SWIFT_EMIT_LOC_STRINGS = NO;
				SWIFT_VERSION = 5.0;
				TARGETED_DEVICE_FAMILY = "1,2";
				TEST_HOST = "$(BUILT_PRODUCTS_DIR)/Emoji_Demo.app/Emoji_Demo";
			};
			name = Release;
		};
		006167A1297EE99F0077B423 /* Debug */ = {
			isa = XCBuildConfiguration;
			buildSettings = {
				ALWAYS_EMBED_SWIFT_STANDARD_LIBRARIES = YES;
				CODE_SIGN_STYLE = Automatic;
				CURRENT_PROJECT_VERSION = 1;
				DEVELOPMENT_TEAM = Y3VRYY266M;
				GENERATE_INFOPLIST_FILE = YES;
				MARKETING_VERSION = 1.0;
				PRODUCT_BUNDLE_IDENTIFIER = "com.nazmulhoda.Emoji-DemoUITests";
				PRODUCT_NAME = "$(TARGET_NAME)";
				SWIFT_EMIT_LOC_STRINGS = NO;
				SWIFT_VERSION = 5.0;
				TARGETED_DEVICE_FAMILY = "1,2";
				TEST_TARGET_NAME = Emoji_Demo;
			};
			name = Debug;
		};
		006167A2297EE99F0077B423 /* Release */ = {
			isa = XCBuildConfiguration;
			buildSettings = {
				ALWAYS_EMBED_SWIFT_STANDARD_LIBRARIES = YES;
				CODE_SIGN_STYLE = Automatic;
				CURRENT_PROJECT_VERSION = 1;
				DEVELOPMENT_TEAM = Y3VRYY266M;
				GENERATE_INFOPLIST_FILE = YES;
				MARKETING_VERSION = 1.0;
				PRODUCT_BUNDLE_IDENTIFIER = "com.nazmulhoda.Emoji-DemoUITests";
				PRODUCT_NAME = "$(TARGET_NAME)";
				SWIFT_EMIT_LOC_STRINGS = NO;
				SWIFT_VERSION = 5.0;
				TARGETED_DEVICE_FAMILY = "1,2";
				TEST_TARGET_NAME = Emoji_Demo;
			};
			name = Release;
		};
/* End XCBuildConfiguration section */

/* Begin XCConfigurationList section */
		0061676B297EE99A0077B423 /* Build configuration list for PBXProject "Emoji_Demo" */ = {
			isa = XCConfigurationList;
			buildConfigurations = (
				00616798297EE99F0077B423 /* Debug */,
				00616799297EE99F0077B423 /* Release */,
			);
			defaultConfigurationIsVisible = 0;
			defaultConfigurationName = Release;
		};
		0061679A297EE99F0077B423 /* Build configuration list for PBXNativeTarget "Emoji_Demo" */ = {
			isa = XCConfigurationList;
			buildConfigurations = (
				0061679B297EE99F0077B423 /* Debug */,
				0061679C297EE99F0077B423 /* Release */,
			);
			defaultConfigurationIsVisible = 0;
			defaultConfigurationName = Release;
		};
		0061679D297EE99F0077B423 /* Build configuration list for PBXNativeTarget "Emoji_DemoTests" */ = {
			isa = XCConfigurationList;
			buildConfigurations = (
				0061679E297EE99F0077B423 /* Debug */,
				0061679F297EE99F0077B423 /* Release */,
			);
			defaultConfigurationIsVisible = 0;
			defaultConfigurationName = Release;
		};
		006167A0297EE99F0077B423 /* Build configuration list for PBXNativeTarget "Emoji_DemoUITests" */ = {
			isa = XCConfigurationList;
			buildConfigurations = (
				006167A1297EE99F0077B423 /* Debug */,
				006167A2297EE99F0077B423 /* Release */,
			);
			defaultConfigurationIsVisible = 0;
			defaultConfigurationName = Release;
		};
/* End XCConfigurationList section */
	};
	rootObject = 00616768297EE99A0077B423 /* Project object */;
}
